
Microsoft Visual Studio Solution File, Format Version 12.00
# Visual Studio Version 17
VisualStudioVersion = 17.1.32210.238
MinimumVisualStudioVersion = 10.0.40219.1
Project("{FAE04EC0-301F-11D3-BF4B-00C04F79EFBC}") = "Organiziranje sportskog događaja", "Organiziranje sportskog događaja\Organiziranje sportskog događaja.csproj", "{D608A427-8E54-4564-8F88-09883A2CFD19}"
EndProject
Global
	GlobalSection(SolutionConfigurationPlatforms) = preSolution
		Debug|Any CPU = Debug|Any CPU
		Release|Any CPU = Release|Any CPU
	EndGlobalSection
	GlobalSection(ProjectConfigurationPlatforms) = postSolution
		{D608A427-8E54-4564-8F88-09883A2CFD19}.Debug|Any CPU.ActiveCfg = Debug|Any CPU
		{D608A427-8E54-4564-8F88-09883A2CFD19}.Debug|Any CPU.Build.0 = Debug|Any CPU
		{D608A427-8E54-4564-8F88-09883A2CFD19}.Release|Any CPU.ActiveCfg = Release|Any CPU
		{D608A427-8E54-4564-8F88-09883A2CFD19}.Release|Any CPU.Build.0 = Release|Any CPU
	EndGlobalSection
	GlobalSection(SolutionProperties) = preSolution
		HideSolutionNode = FALSE
	EndGlobalSection
	GlobalSection(ExtensibilityGlobals) = postSolution
		SolutionGuid = {8A250BCC-5A2B-478A-B0BB-9518221A948F}
	EndGlobalSection
EndGlobal
